{
  "originHash" : "725a6aaa8805a97f4f1b7d2e7ef37b9aaffe68ff18df2cd303b60e4e2d44f83b",
  "pins" : [
    {
      "identity" : "baseprimitives",
      "kind" : "remoteSourceControl",
      "location" : "https://github.com/dvclmn/BasePrimitives",
      "state" : {
        "branch" : "main",
        "revision" : "76cd90e4ce0992246819150d8352e2b6393f0c88"
      }
    },
    {
      "identity" : "swift-docc-plugin",
      "kind" : "remoteSourceControl",
      "location" : "https://github.com/apple/swift-docc-plugin",
      "state" : {
        "revision" : "e977f65879f82b375a044c8837597f690c067da6",
        "version" : "1.4.6"
      }
    },
    {
      "identity" : "swift-docc-symbolkit",
      "kind" : "remoteSourceControl",
      "location" : "https://github.com/swiftlang/swift-docc-symbolkit",
      "state" : {
        "revision" : "b45d1f2ed151d057b54504d653e0da5552844e34",
        "version" : "1.0.0"
      }
    }
  ],
  "version" : 3
}
