{
  "originHash" : "5ac1866400d6bfc21ce3c16368c39fa8783991f8be5399e282593b1b708ad220",
  "pins" : [
    {
      "identity" : "baseprimitives",
      "kind" : "remoteSourceControl",
      "location" : "https://github.com/dvclmn/BasePrimitives",
      "state" : {
        "revision" : "5d71fcfda62177d79745ba485995e2d2a5c64a0b",
        "version" : "0.1.0"
      }
    },
    {
      "identity" : "swift-docc-plugin",
      "kind" : "remoteSourceControl",
      "location" : "https://github.com/apple/swift-docc-plugin",
      "state" : {
        "revision" : "647c708be89f834fa6a6d4945442793a77ddf5b6",
        "version" : "1.5.0"
      }
    },
    {
      "identity" : "swift-docc-symbolkit",
      "kind" : "remoteSourceControl",
      "location" : "https://github.com/swiftlang/swift-docc-symbolkit",
      "state" : {
        "revision" : "b45d1f2ed151d057b54504d653e0da5552844e34",
        "version" : "1.0.0"
      }
    }
  ],
  "version" : 3
}
